
Microsoft Visual Studio Solution File, Format Version 12.00
# Visual Studio 15
VisualStudioVersion = 15.0.28010.2046
MinimumVisualStudioVersion = 10.0.40219.1
Project("{FAE04EC0-301F-11D3-BF4B-00C04F79EFBC}") = "AudioConverterService", "AudioConverterService\AudioConverterService.csproj", "{D705E8EA-97A2-4FB7-B20D-9C93AAC4E596}"
EndProject
Project("{6141683F-8A12-4E36-9623-2EB02B2C2303}") = "ServiceInstall", "ServiceInstall\ServiceInstall.isproj", "{2295503E-49DF-475F-BAFD-E3710CA4B804}"
	ProjectSection(ProjectDependencies) = postProject
		{D705E8EA-97A2-4FB7-B20D-9C93AAC4E596} = {D705E8EA-97A2-4FB7-B20D-9C93AAC4E596}
	EndProjectSection
EndProject
Project("{FAE04EC0-301F-11D3-BF4B-00C04F79EFBC}") = "TrackdocDbEntityFramework", "TrackdocDbEntityFramework\TrackdocDbEntityFramework.csproj", "{E40D9331-ECC9-480D-8350-85DDA7CF93AC}"
EndProject
Project("{FAE04EC0-301F-11D3-BF4B-00C04F79EFBC}") = "AudioPurge", "AudioPurge\AudioPurge.csproj", "{CCEE52AF-E82B-4E2A-BE65-EF99E5827525}"
EndProject
Global
	GlobalSection(Performance) = preSolution
		HasPerformanceSessions = true
	EndGlobalSection
	GlobalSection(SolutionConfigurationPlatforms) = preSolution
		CD_ROM|Any CPU = CD_ROM|Any CPU
		CD_ROM|x64 = CD_ROM|x64
		CD_ROM|x86 = CD_ROM|x86
		Debug|Any CPU = Debug|Any CPU
		Debug|x64 = Debug|x64
		Debug|x86 = Debug|x86
		DVD-5|Any CPU = DVD-5|Any CPU
		DVD-5|x64 = DVD-5|x64
		DVD-5|x86 = DVD-5|x86
		Release|Any CPU = Release|Any CPU
		Release|x64 = Release|x64
		Release|x86 = Release|x86
		SingleImage|Any CPU = SingleImage|Any CPU
		SingleImage|x64 = SingleImage|x64
		SingleImage|x86 = SingleImage|x86
	EndGlobalSection
	GlobalSection(ProjectConfigurationPlatforms) = postSolution
		{D705E8EA-97A2-4FB7-B20D-9C93AAC4E596}.CD_ROM|Any CPU.ActiveCfg = Release|Any CPU
		{D705E8EA-97A2-4FB7-B20D-9C93AAC4E596}.CD_ROM|Any CPU.Build.0 = Release|Any CPU
		{D705E8EA-97A2-4FB7-B20D-9C93AAC4E596}.CD_ROM|x64.ActiveCfg = Release|x64
		{D705E8EA-97A2-4FB7-B20D-9C93AAC4E596}.CD_ROM|x64.Build.0 = Release|x64
		{D705E8EA-97A2-4FB7-B20D-9C93AAC4E596}.CD_ROM|x86.ActiveCfg = Release|x86
		{D705E8EA-97A2-4FB7-B20D-9C93AAC4E596}.CD_ROM|x86.Build.0 = Release|x86
		{D705E8EA-97A2-4FB7-B20D-9C93AAC4E596}.Debug|Any CPU.ActiveCfg = Debug|Any CPU
		{D705E8EA-97A2-4FB7-B20D-9C93AAC4E596}.Debug|Any CPU.Build.0 = Debug|Any CPU
		{D705E8EA-97A2-4FB7-B20D-9C93AAC4E596}.Debug|x64.ActiveCfg = Debug|x64
		{D705E8EA-97A2-4FB7-B20D-9C93AAC4E596}.Debug|x64.Build.0 = Debug|x64
		{D705E8EA-97A2-4FB7-B20D-9C93AAC4E596}.Debug|x86.ActiveCfg = Debug|x86
		{D705E8EA-97A2-4FB7-B20D-9C93AAC4E596}.Debug|x86.Build.0 = Debug|x86
		{D705E8EA-97A2-4FB7-B20D-9C93AAC4E596}.DVD-5|Any CPU.ActiveCfg = Debug|Any CPU
		{D705E8EA-97A2-4FB7-B20D-9C93AAC4E596}.DVD-5|Any CPU.Build.0 = Debug|Any CPU
		{D705E8EA-97A2-4FB7-B20D-9C93AAC4E596}.DVD-5|x64.ActiveCfg = Debug|x64
		{D705E8EA-97A2-4FB7-B20D-9C93AAC4E596}.DVD-5|x64.Build.0 = Debug|x64
		{D705E8EA-97A2-4FB7-B20D-9C93AAC4E596}.DVD-5|x86.ActiveCfg = Debug|x86
		{D705E8EA-97A2-4FB7-B20D-9C93AAC4E596}.DVD-5|x86.Build.0 = Debug|x86
		{D705E8EA-97A2-4FB7-B20D-9C93AAC4E596}.Release|Any CPU.ActiveCfg = Release|Any CPU
		{D705E8EA-97A2-4FB7-B20D-9C93AAC4E596}.Release|Any CPU.Build.0 = Release|Any CPU
		{D705E8EA-97A2-4FB7-B20D-9C93AAC4E596}.Release|x64.ActiveCfg = Release|x64
		{D705E8EA-97A2-4FB7-B20D-9C93AAC4E596}.Release|x64.Build.0 = Release|x64
		{D705E8EA-97A2-4FB7-B20D-9C93AAC4E596}.Release|x86.ActiveCfg = Release|x86
		{D705E8EA-97A2-4FB7-B20D-9C93AAC4E596}.Release|x86.Build.0 = Release|x86
		{D705E8EA-97A2-4FB7-B20D-9C93AAC4E596}.SingleImage|Any CPU.ActiveCfg = Release|Any CPU
		{D705E8EA-97A2-4FB7-B20D-9C93AAC4E596}.SingleImage|Any CPU.Build.0 = Release|Any CPU
		{D705E8EA-97A2-4FB7-B20D-9C93AAC4E596}.SingleImage|x64.ActiveCfg = Release|x64
		{D705E8EA-97A2-4FB7-B20D-9C93AAC4E596}.SingleImage|x64.Build.0 = Release|x64
		{D705E8EA-97A2-4FB7-B20D-9C93AAC4E596}.SingleImage|x86.ActiveCfg = Release|x86
		{D705E8EA-97A2-4FB7-B20D-9C93AAC4E596}.SingleImage|x86.Build.0 = Release|x86
		{2295503E-49DF-475F-BAFD-E3710CA4B804}.CD_ROM|Any CPU.ActiveCfg = CD_ROM
		{2295503E-49DF-475F-BAFD-E3710CA4B804}.CD_ROM|Any CPU.Build.0 = CD_ROM
		{2295503E-49DF-475F-BAFD-E3710CA4B804}.CD_ROM|x64.ActiveCfg = CD_ROM
		{2295503E-49DF-475F-BAFD-E3710CA4B804}.CD_ROM|x64.Build.0 = CD_ROM
		{2295503E-49DF-475F-BAFD-E3710CA4B804}.CD_ROM|x86.ActiveCfg = CD_ROM
		{2295503E-49DF-475F-BAFD-E3710CA4B804}.CD_ROM|x86.Build.0 = CD_ROM
		{2295503E-49DF-475F-BAFD-E3710CA4B804}.Debug|Any CPU.ActiveCfg = DVD-5
		{2295503E-49DF-475F-BAFD-E3710CA4B804}.Debug|Any CPU.Build.0 = DVD-5
		{2295503E-49DF-475F-BAFD-E3710CA4B804}.Debug|x64.ActiveCfg = DVD-5
		{2295503E-49DF-475F-BAFD-E3710CA4B804}.Debug|x64.Build.0 = DVD-5
		{2295503E-49DF-475F-BAFD-E3710CA4B804}.Debug|x86.ActiveCfg = DVD-5
		{2295503E-49DF-475F-BAFD-E3710CA4B804}.Debug|x86.Build.0 = DVD-5
		{2295503E-49DF-475F-BAFD-E3710CA4B804}.DVD-5|Any CPU.ActiveCfg = DVD-5
		{2295503E-49DF-475F-BAFD-E3710CA4B804}.DVD-5|Any CPU.Build.0 = DVD-5
		{2295503E-49DF-475F-BAFD-E3710CA4B804}.DVD-5|x64.ActiveCfg = DVD-5
		{2295503E-49DF-475F-BAFD-E3710CA4B804}.DVD-5|x64.Build.0 = DVD-5
		{2295503E-49DF-475F-BAFD-E3710CA4B804}.DVD-5|x86.ActiveCfg = DVD-5
		{2295503E-49DF-475F-BAFD-E3710CA4B804}.DVD-5|x86.Build.0 = DVD-5
		{2295503E-49DF-475F-BAFD-E3710CA4B804}.Release|Any CPU.ActiveCfg = SingleImage
		{2295503E-49DF-475F-BAFD-E3710CA4B804}.Release|Any CPU.Build.0 = SingleImage
		{2295503E-49DF-475F-BAFD-E3710CA4B804}.Release|x64.ActiveCfg = SingleImage
		{2295503E-49DF-475F-BAFD-E3710CA4B804}.Release|x64.Build.0 = SingleImage
		{2295503E-49DF-475F-BAFD-E3710CA4B804}.Release|x86.ActiveCfg = SingleImage
		{2295503E-49DF-475F-BAFD-E3710CA4B804}.Release|x86.Build.0 = SingleImage
		{2295503E-49DF-475F-BAFD-E3710CA4B804}.SingleImage|Any CPU.ActiveCfg = SingleImage
		{2295503E-49DF-475F-BAFD-E3710CA4B804}.SingleImage|Any CPU.Build.0 = SingleImage
		{2295503E-49DF-475F-BAFD-E3710CA4B804}.SingleImage|x64.ActiveCfg = SingleImage
		{2295503E-49DF-475F-BAFD-E3710CA4B804}.SingleImage|x64.Build.0 = SingleImage
		{2295503E-49DF-475F-BAFD-E3710CA4B804}.SingleImage|x86.ActiveCfg = SingleImage
		{2295503E-49DF-475F-BAFD-E3710CA4B804}.SingleImage|x86.Build.0 = SingleImage
		{E40D9331-ECC9-480D-8350-85DDA7CF93AC}.CD_ROM|Any CPU.ActiveCfg = Release|Any CPU
		{E40D9331-ECC9-480D-8350-85DDA7CF93AC}.CD_ROM|Any CPU.Build.0 = Release|Any CPU
		{E40D9331-ECC9-480D-8350-85DDA7CF93AC}.CD_ROM|x64.ActiveCfg = Release|x64
		{E40D9331-ECC9-480D-8350-85DDA7CF93AC}.CD_ROM|x64.Build.0 = Release|x64
		{E40D9331-ECC9-480D-8350-85DDA7CF93AC}.CD_ROM|x86.ActiveCfg = Release|x86
		{E40D9331-ECC9-480D-8350-85DDA7CF93AC}.CD_ROM|x86.Build.0 = Release|x86
		{E40D9331-ECC9-480D-8350-85DDA7CF93AC}.Debug|Any CPU.ActiveCfg = Debug|Any CPU
		{E40D9331-ECC9-480D-8350-85DDA7CF93AC}.Debug|Any CPU.Build.0 = Debug|Any CPU
		{E40D9331-ECC9-480D-8350-85DDA7CF93AC}.Debug|x64.ActiveCfg = Debug|x64
		{E40D9331-ECC9-480D-8350-85DDA7CF93AC}.Debug|x64.Build.0 = Debug|x64
		{E40D9331-ECC9-480D-8350-85DDA7CF93AC}.Debug|x86.ActiveCfg = Debug|x86
		{E40D9331-ECC9-480D-8350-85DDA7CF93AC}.Debug|x86.Build.0 = Debug|x86
		{E40D9331-ECC9-480D-8350-85DDA7CF93AC}.DVD-5|Any CPU.ActiveCfg = Debug|Any CPU
		{E40D9331-ECC9-480D-8350-85DDA7CF93AC}.DVD-5|Any CPU.Build.0 = Debug|Any CPU
		{E40D9331-ECC9-480D-8350-85DDA7CF93AC}.DVD-5|x64.ActiveCfg = Debug|x64
		{E40D9331-ECC9-480D-8350-85DDA7CF93AC}.DVD-5|x64.Build.0 = Debug|x64
		{E40D9331-ECC9-480D-8350-85DDA7CF93AC}.DVD-5|x86.ActiveCfg = Debug|x86
		{E40D9331-ECC9-480D-8350-85DDA7CF93AC}.DVD-5|x86.Build.0 = Debug|x86
		{E40D9331-ECC9-480D-8350-85DDA7CF93AC}.Release|Any CPU.ActiveCfg = Release|Any CPU
		{E40D9331-ECC9-480D-8350-85DDA7CF93AC}.Release|Any CPU.Build.0 = Release|Any CPU
		{E40D9331-ECC9-480D-8350-85DDA7CF93AC}.Release|x64.ActiveCfg = Release|x64
		{E40D9331-ECC9-480D-8350-85DDA7CF93AC}.Release|x64.Build.0 = Release|x64
		{E40D9331-ECC9-480D-8350-85DDA7CF93AC}.Release|x86.ActiveCfg = Release|x86
		{E40D9331-ECC9-480D-8350-85DDA7CF93AC}.Release|x86.Build.0 = Release|x86
		{E40D9331-ECC9-480D-8350-85DDA7CF93AC}.SingleImage|Any CPU.ActiveCfg = Release|Any CPU
		{E40D9331-ECC9-480D-8350-85DDA7CF93AC}.SingleImage|Any CPU.Build.0 = Release|Any CPU
		{E40D9331-ECC9-480D-8350-85DDA7CF93AC}.SingleImage|x64.ActiveCfg = Release|x64
		{E40D9331-ECC9-480D-8350-85DDA7CF93AC}.SingleImage|x64.Build.0 = Release|x64
		{E40D9331-ECC9-480D-8350-85DDA7CF93AC}.SingleImage|x86.ActiveCfg = Release|x86
		{E40D9331-ECC9-480D-8350-85DDA7CF93AC}.SingleImage|x86.Build.0 = Release|x86
		{CCEE52AF-E82B-4E2A-BE65-EF99E5827525}.CD_ROM|Any CPU.ActiveCfg = Release|Any CPU
		{CCEE52AF-E82B-4E2A-BE65-EF99E5827525}.CD_ROM|Any CPU.Build.0 = Release|Any CPU
		{CCEE52AF-E82B-4E2A-BE65-EF99E5827525}.CD_ROM|x64.ActiveCfg = Release|Any CPU
		{CCEE52AF-E82B-4E2A-BE65-EF99E5827525}.CD_ROM|x64.Build.0 = Release|Any CPU
		{CCEE52AF-E82B-4E2A-BE65-EF99E5827525}.CD_ROM|x86.ActiveCfg = Release|Any CPU
		{CCEE52AF-E82B-4E2A-BE65-EF99E5827525}.CD_ROM|x86.Build.0 = Release|Any CPU
		{CCEE52AF-E82B-4E2A-BE65-EF99E5827525}.Debug|Any CPU.ActiveCfg = Debug|Any CPU
		{CCEE52AF-E82B-4E2A-BE65-EF99E5827525}.Debug|Any CPU.Build.0 = Debug|Any CPU
		{CCEE52AF-E82B-4E2A-BE65-EF99E5827525}.Debug|x64.ActiveCfg = Debug|Any CPU
		{CCEE52AF-E82B-4E2A-BE65-EF99E5827525}.Debug|x64.Build.0 = Debug|Any CPU
		{CCEE52AF-E82B-4E2A-BE65-EF99E5827525}.Debug|x86.ActiveCfg = Debug|x86
		{CCEE52AF-E82B-4E2A-BE65-EF99E5827525}.Debug|x86.Build.0 = Debug|x86
		{CCEE52AF-E82B-4E2A-BE65-EF99E5827525}.DVD-5|Any CPU.ActiveCfg = Debug|Any CPU
		{CCEE52AF-E82B-4E2A-BE65-EF99E5827525}.DVD-5|Any CPU.Build.0 = Debug|Any CPU
		{CCEE52AF-E82B-4E2A-BE65-EF99E5827525}.DVD-5|x64.ActiveCfg = Debug|Any CPU
		{CCEE52AF-E82B-4E2A-BE65-EF99E5827525}.DVD-5|x64.Build.0 = Debug|Any CPU
		{CCEE52AF-E82B-4E2A-BE65-EF99E5827525}.DVD-5|x86.ActiveCfg = Debug|Any CPU
		{CCEE52AF-E82B-4E2A-BE65-EF99E5827525}.DVD-5|x86.Build.0 = Debug|Any CPU
		{CCEE52AF-E82B-4E2A-BE65-EF99E5827525}.Release|Any CPU.ActiveCfg = Release|Any CPU
		{CCEE52AF-E82B-4E2A-BE65-EF99E5827525}.Release|Any CPU.Build.0 = Release|Any CPU
		{CCEE52AF-E82B-4E2A-BE65-EF99E5827525}.Release|x64.ActiveCfg = Release|Any CPU
		{CCEE52AF-E82B-4E2A-BE65-EF99E5827525}.Release|x64.Build.0 = Release|Any CPU
		{CCEE52AF-E82B-4E2A-BE65-EF99E5827525}.Release|x86.ActiveCfg = Release|x86
		{CCEE52AF-E82B-4E2A-BE65-EF99E5827525}.Release|x86.Build.0 = Release|x86
		{CCEE52AF-E82B-4E2A-BE65-EF99E5827525}.SingleImage|Any CPU.ActiveCfg = Release|Any CPU
		{CCEE52AF-E82B-4E2A-BE65-EF99E5827525}.SingleImage|Any CPU.Build.0 = Release|Any CPU
		{CCEE52AF-E82B-4E2A-BE65-EF99E5827525}.SingleImage|x64.ActiveCfg = Release|Any CPU
		{CCEE52AF-E82B-4E2A-BE65-EF99E5827525}.SingleImage|x64.Build.0 = Release|Any CPU
		{CCEE52AF-E82B-4E2A-BE65-EF99E5827525}.SingleImage|x86.ActiveCfg = Release|Any CPU
		{CCEE52AF-E82B-4E2A-BE65-EF99E5827525}.SingleImage|x86.Build.0 = Release|Any CPU
	EndGlobalSection
	GlobalSection(SolutionProperties) = preSolution
		HideSolutionNode = FALSE
	EndGlobalSection
	GlobalSection(ExtensibilityGlobals) = postSolution
		SolutionGuid = {760D081C-3424-4920-A194-C436E9B347BA}
	EndGlobalSection
EndGlobal
